<?xml version="1.0" encoding="utf-8"?>
<Project ToolsVersion="4.0" xmlns="http://schemas.microsoft.com/developer/msbuild/2003">
  <ItemGroup>
    <Filter Include="Source files">
      <UniqueIdentifier>{7e333c54-c029-4734-8281-e5b8c3f826e1}</UniqueIdentifier>
      <Extensions>cpp;c;cc;cxx;def;odl;idl;hpj;bat;asm;asmx</Extensions>
    </Filter>
    <Filter Include="Header files">
      <UniqueIdentifier>{8344fc89-b769-412e-b632-d9e3a31ac46e}</UniqueIdentifier>
      <Extensions>h;hpp;hxx;hm;inl;inc;xsd</Extensions>
    </Filter>
    <Filter Include="Resource files">
      <UniqueIdentifier>{64b5de99-7e19-4e2a-8704-4c3f3cf0e914}</UniqueIdentifier>
      <Extensions>rc;ico;cur;bmp;dlg;rc2;rct;bin;rgs;gif;jpg;jpeg;jpe;resx;tiff;tif;png;wav</Extensions>
    </Filter>
    <Filter Include="Make files">
      <UniqueIdentifier>{ea3e62fe-8468-467b-bebc-8fe601c7a7de}</UniqueIdentifier>
    </Filter>
    <Filter Include="VisualGDB settings">
      <UniqueIdentifier>{89923ae3-68e7-4559-8125-7ebac0215ee6}</UniqueIdentifier>
    </Filter>
  </ItemGroup>
  <ItemGroup>
    <None Include="debug.mak">
      <Filter>Make files</Filter>
    </None>
    <None Include="release.mak">
      <Filter>Make files</Filter>
    </None>
    <None Include="Abbot-Debug.vgdbsettings">
      <Filter>VisualGDB settings</Filter>
    </None>
    <None Include="Abbot-Release.vgdbsettings">
      <Filter>VisualGDB settings</Filter>
    </None>
  </ItemGroup>
  <ItemGroup>
    <None Include="Makefile" />
  </ItemGroup>
  <ItemGroup>
    <ClInclude Include="Log.h">
      <Filter>Header files</Filter>
    </ClInclude>
    <ClInclude Include="ServerRole.h">
      <Filter>Header files</Filter>
    </ClInclude>
    <ClInclude Include="WorkerRole.h">
      <Filter>Header files</Filter>
    </ClInclude>
    <ClInclude Include="abbot.h">
      <Filter>Header files</Filter>
    </ClInclude>
  </ItemGroup>
  <ItemGroup>
    <ClCompile Include="Log.cpp">
      <Filter>Source files</Filter>
    </ClCompile>
    <ClCompile Include="main.cpp">
      <Filter>Source files</Filter>
    </ClCompile>
    <ClCompile Include="ServerRole.cpp">
      <Filter>Source files</Filter>
    </ClCompile>
    <ClCompile Include="WorkerRole.cpp">
      <Filter>Source files</Filter>
    </ClCompile>
    <ClCompile Include="abbot.cpp">
      <Filter>Source files</Filter>
    </ClCompile>
  </ItemGroup>
</Project>